
Microsoft Visual Studio Solution File, Format Version 12.00
# Visual Studio Version 17
VisualStudioVersion = 17.3.32929.385
MinimumVisualStudioVersion = 10.0.40219.1
Project("{FAE04EC0-301F-11D3-BF4B-00C04F79EFBC}") = "SMS", "SMS.csproj", "{B31709A6-8BD1-459E-8FFE-8F7A0D29517A}"
EndProject
Global
	GlobalSection(SolutionConfigurationPlatforms) = preSolution
		Debug|Any CPU = Debug|Any CPU
		Release|Any CPU = Release|Any CPU
	EndGlobalSection
	GlobalSection(ProjectConfigurationPlatforms) = postSolution
		{B31709A6-8BD1-459E-8FFE-8F7A0D29517A}.Debug|Any CPU.ActiveCfg = Debug|Any CPU
		{B31709A6-8BD1-459E-8FFE-8F7A0D29517A}.Debug|Any CPU.Build.0 = Debug|Any CPU
		{B31709A6-8BD1-459E-8FFE-8F7A0D29517A}.Release|Any CPU.ActiveCfg = Release|Any CPU
		{B31709A6-8BD1-459E-8FFE-8F7A0D29517A}.Release|Any CPU.Build.0 = Release|Any CPU
	EndGlobalSection
	GlobalSection(SolutionProperties) = preSolution
		HideSolutionNode = FALSE
	EndGlobalSection
	GlobalSection(ExtensibilityGlobals) = postSolution
		SolutionGuid = {CB6DF661-B9E6-40B1-B195-40DAC2ACB1A4}
	EndGlobalSection
EndGlobal
